// !$*UTF8*$!
{
	archiveVersion = 1;
	classes = {
	};
	objectVersion = 46;
	objects = {

/* Begin PBXBuildFile section */
		8D4E15961B4166A700CACE34 /* AppDelegate.swift in Sources */ = {isa = PBXBuildFile; fileRef = 8D4E15951B4166A700CACE34 /* AppDelegate.swift */; };
		8D4E15981B4166A700CACE34 /* ViewController.swift in Sources */ = {isa = PBXBuildFile; fileRef = 8D4E15971B4166A700CACE34 /* ViewController.swift */; };
		8D4E159B1B4166A700CACE34 /* Main.storyboard in Resources */ = {isa = PBXBuildFile; fileRef = 8D4E15991B4166A700CACE34 /* Main.storyboard */; };
		8D4E159D1B4166A700CACE34 /* Images.xcassets in Resources */ = {isa = PBXBuildFile; fileRef = 8D4E159C1B4166A700CACE34 /* Images.xcassets */; };
		8D4E15A01B4166A700CACE34 /* LaunchScreen.xib in Resources */ = {isa = PBXBuildFile; fileRef = 8D4E159E1B4166A700CACE34 /* LaunchScreen.xib */; };
		8D4E15AC1B4166A700CACE34 /* PetHome2Tests.swift in Sources */ = {isa = PBXBuildFile; fileRef = 8D4E15AB1B4166A700CACE34 /* PetHome2Tests.swift */; };
/* End PBXBuildFile section */

/* Begin PBXContainerItemProxy section */
		8D4E15A61B4166A700CACE34 /* PBXContainerItemProxy */ = {
			isa = PBXContainerItemProxy;
			containerPortal = 8D4E15881B4166A700CACE34 /* Project object */;
			proxyType = 1;
			remoteGlobalIDString = 8D4E158F1B4166A700CACE34;
			remoteInfo = PetHome2;
		};
/* End PBXContainerItemProxy section */

/* Begin PBXFileReference section */
		8D4E15901B4166A700CACE34 /* PetHome2.app */ = {isa = PBXFileReference; explicitFileType = wrapper.application; includeInIndex = 0; path = PetHome2.app; sourceTree = BUILT_PRODUCTS_DIR; };
		8D4E15941B4166A700CACE34 /* Info.plist */ = {isa = PBXFileReference; lastKnownFileType = text.plist.xml; path = Info.plist; sourceTree = "<group>"; };
		8D4E15951B4166A700CACE34 /* AppDelegate.swift */ = {isa = PBXFileReference; lastKnownFileType = sourcecode.swift; path = AppDelegate.swift; sourceTree = "<group>"; };
		8D4E15971B4166A700CACE34 /* ViewController.swift */ = {isa = PBXFileReference; lastKnownFileType = sourcecode.swift; path = ViewController.swift; sourceTree = "<group>"; };
		8D4E159A1B4166A700CACE34 /* Base */ = {isa = PBXFileReference; lastKnownFileType = file.storyboard; name = Base; path = Base.lproj/Main.storyboard; sourceTree = "<group>"; };
		8D4E159C1B4166A700CACE34 /* Images.xcassets */ = {isa = PBXFileReference; lastKnownFileType = folder.assetcatalog; path = Images.xcassets; sourceTree = "<group>"; };
		8D4E159F1B4166A700CACE34 /* Base */ = {isa = PBXFileReference; lastKnownFileType = file.xib; name = Base; path = Base.lproj/LaunchScreen.xib; sourceTree = "<group>"; };
		8D4E15A51B4166A700CACE34 /* PetHome2Tests.xctest */ = {isa = PBXFileReference; explicitFileType = wrapper.cfbundle; includeInIndex = 0; path = PetHome2Tests.xctest; sourceTree = BUILT_PRODUCTS_DIR; };
		8D4E15AA1B4166A700CACE34 /* Info.plist */ = {isa = PBXFileReference; lastKnownFileType = text.plist.xml; path = Info.plist; sourceTree = "<group>"; };
		8D4E15AB1B4166A700CACE34 /* PetHome2Tests.swift */ = {isa = PBXFileReference; lastKnownFileType = sourcecode.swift; path = PetHome2Tests.swift; sourceTree = "<group>"; };
/* End PBXFileReference section */

/* Begin PBXFrameworksBuildPhase section */
		8D4E158D1B4166A700CACE34 /* Frameworks */ = {
			isa = PBXFrameworksBuildPhase;
			buildActionMask = 2147483647;
			files = (
			);
			runOnlyForDeploymentPostprocessing = 0;
		};
		8D4E15A21B4166A700CACE34 /* Frameworks */ = {
			isa = PBXFrameworksBuildPhase;
			buildActionMask = 2147483647;
			files = (
			);
			runOnlyForDeploymentPostprocessing = 0;
		};
/* End PBXFrameworksBuildPhase section */

/* Begin PBXGroup section */
		8D4E15871B4166A700CACE34 = {
			isa = PBXGroup;
			children = (
				8D4E15921B4166A700CACE34 /* PetHome2 */,
				8D4E15A81B4166A700CACE34 /* PetHome2Tests */,
				8D4E15911B4166A700CACE34 /* Products */,
			);
			sourceTree = "<group>";
		};
		8D4E15911B4166A700CACE34 /* Products */ = {
			isa = PBXGroup;
			children = (
				8D4E15901B4166A700CACE34 /* PetHome2.app */,
				8D4E15A51B4166A700CACE34 /* PetHome2Tests.xctest */,
			);
			name = Products;
			sourceTree = "<group>";
		};
		8D4E15921B4166A700CACE34 /* PetHome2 */ = {
			isa = PBXGroup;
			children = (
				8D4E15951B4166A700CACE34 /* AppDelegate.swift */,
				8D4E15971B4166A700CACE34 /* ViewController.swift */,
				8D4E15991B4166A700CACE34 /* Main.storyboard */,
				8D4E159C1B4166A700CACE34 /* Images.xcassets */,
				8D4E159E1B4166A700CACE34 /* LaunchScreen.xib */,
				8D4E15931B4166A700CACE34 /* Supporting Files */,
			);
			path = PetHome2;
			sourceTree = "<group>";
		};
		8D4E15931B4166A700CACE34 /* Supporting Files */ = {
			isa = PBXGroup;
			children = (
				8D4E15941B4166A700CACE34 /* Info.plist */,
			);
			name = "Supporting Files";
			sourceTree = "<group>";
		};
		8D4E15A81B4166A700CACE34 /* PetHome2Tests */ = {
			isa = PBXGroup;
			children = (
				8D4E15AB1B4166A700CACE34 /* PetHome2Tests.swift */,
				8D4E15A91B4166A700CACE34 /* Supporting Files */,
			);
			path = PetHome2Tests;
			sourceTree = "<group>";
		};
		8D4E15A91B4166A700CACE34 /* Supporting Files */ = {
			isa = PBXGroup;
			children = (
				8D4E15AA1B4166A700CACE34 /* Info.plist */,
			);
			name = "Supporting Files";
			sourceTree = "<group>";
		};
/* End PBXGroup section */

/* Begin PBXNativeTarget section */
		8D4E158F1B4166A700CACE34 /* PetHome2 */ = {
			isa = PBXNativeTarget;
			buildConfigurationList = 8D4E15AF1B4166A700CACE34 /* Build configuration list for PBXNativeTarget "PetHome2" */;
			buildPhases = (
				8D4E158C1B4166A700CACE34 /* Sources */,
				8D4E158D1B4166A700CACE34 /* Frameworks */,
				8D4E158E1B4166A700CACE34 /* Resources */,
			);
			buildRules = (
			);
			dependencies = (
			);
			name = PetHome2;
			productName = PetHome2;
			productReference = 8D4E15901B4166A700CACE34 /* PetHome2.app */;
			productType = "com.apple.product-type.application";
		};
		8D4E15A41B4166A700CACE34 /* PetHome2Tests */ = {
			isa = PBXNativeTarget;
			buildConfigurationList = 8D4E15B21B4166A700CACE34 /* Build configuration list for PBXNativeTarget "PetHome2Tests" */;
			buildPhases = (
				8D4E15A11B4166A700CACE34 /* Sources */,
				8D4E15A21B4166A700CACE34 /* Frameworks */,
				8D4E15A31B4166A700CACE34 /* Resources */,
			);
			buildRules = (
			);
			dependencies = (
				8D4E15A71B4166A700CACE34 /* PBXTargetDependency */,
			);
			name = PetHome2Tests;
			productName = PetHome2Tests;
			productReference = 8D4E15A51B4166A700CACE34 /* PetHome2Tests.xctest */;
			productType = "com.apple.product-type.bundle.unit-test";
		};
/* End PBXNativeTarget section */

/* Begin PBXProject section */
		8D4E15881B4166A700CACE34 /* Project object */ = {
			isa = PBXProject;
			attributes = {
				LastUpgradeCheck = 0630;
				ORGANIZATIONNAME = "亮亮 侯";
				TargetAttributes = {
					8D4E158F1B4166A700CACE34 = {
						CreatedOnToolsVersion = 6.3.2;
					};
					8D4E15A41B4166A700CACE34 = {
						CreatedOnToolsVersion = 6.3.2;
						TestTargetID = 8D4E158F1B4166A700CACE34;
					};
				};
			};
			buildConfigurationList = 8D4E158B1B4166A700CACE34 /* Build configuration list for PBXProject "PetHome2" */;
			compatibilityVersion = "Xcode 3.2";
			developmentRegion = English;
			hasScannedForEncodings = 0;
			knownRegions = (
				en,
				Base,
			);
			mainGroup = 8D4E15871B4166A700CACE34;
			productRefGroup = 8D4E15911B4166A700CACE34 /* Products */;
			projectDirPath = "";
			projectRoot = "";
			targets = (
				8D4E158F1B4166A700CACE34 /* PetHome2 */,
				8D4E15A41B4166A700CACE34 /* PetHome2Tests */,
			);
		};
/* End PBXProject section */

/* Begin PBXResourcesBuildPhase section */
		8D4E158E1B4166A700CACE34 /* Resources */ = {
			isa = PBXResourcesBuildPhase;
			buildActionMask = 2147483647;
			files = (
				8D4E159B1B4166A700CACE34 /* Main.storyboard in Resources */,
				8D4E15A01B4166A700CACE34 /* LaunchScreen.xib in Resources */,
				8D4E159D1B4166A700CACE34 /* Images.xcassets in Resources */,
			);
			runOnlyForDeploymentPostprocessing = 0;
		};
		8D4E15A31B4166A700CACE34 /* Resources */ = {
			isa = PBXResourcesBuildPhase;
			buildActionMask = 2147483647;
			files = (
			);
			runOnlyForDeploymentPostprocessing = 0;
		};
/* End PBXResourcesBuildPhase section */

/* Begin PBXSourcesBuildPhase section */
		8D4E158C1B4166A700CACE34 /* Sources */ = {
			isa = PBXSourcesBuildPhase;
			buildActionMask = 2147483647;
			files = (
				8D4E15981B4166A700CACE34 /* ViewController.swift in Sources */,
				8D4E15961B4166A700CACE34 /* AppDelegate.swift in Sources */,
			);
			runOnlyForDeploymentPostprocessing = 0;
		};
		8D4E15A11B4166A700CACE34 /* Sources */ = {
			isa = PBXSourcesBuildPhase;
			buildActionMask = 2147483647;
			files = (
				8D4E15AC1B4166A700CACE34 /* PetHome2Tests.swift in Sources */,
			);
			runOnlyForDeploymentPostprocessing = 0;
		};
/* End PBXSourcesBuildPhase section */

/* Begin PBXTargetDependency section */
		8D4E15A71B4166A700CACE34 /* PBXTargetDependency */ = {
			isa = PBXTargetDependency;
			target = 8D4E158F1B4166A700CACE34 /* PetHome2 */;
			targetProxy = 8D4E15A61B4166A700CACE34 /* PBXContainerItemProxy */;
		};
/* End PBXTargetDependency section */

/* Begin PBXVariantGroup section */
		8D4E15991B4166A700CACE34 /* Main.storyboard */ = {
			isa = PBXVariantGroup;
			children = (
				8D4E159A1B4166A700CACE34 /* Base */,
			);
			name = Main.storyboard;
			sourceTree = "<group>";
		};
		8D4E159E1B4166A700CACE34 /* LaunchScreen.xib */ = {
			isa = PBXVariantGroup;
			children = (
				8D4E159F1B4166A700CACE34 /* Base */,
			);
			name = LaunchScreen.xib;
			sourceTree = "<group>";
		};
/* End PBXVariantGroup section */

/* Begin XCBuildConfiguration section */
		8D4E15AD1B4166A700CACE34 /* Debug */ = {
			isa = XCBuildConfiguration;
			buildSettings = {
				ALWAYS_SEARCH_USER_PATHS = NO;
				CLANG_CXX_LANGUAGE_STANDARD = "gnu++0x";
				CLANG_CXX_LIBRARY = "libc++";
				CLANG_ENABLE_MODULES = YES;
				CLANG_ENABLE_OBJC_ARC = YES;
				CLANG_WARN_BOOL_CONVERSION = YES;
				CLANG_WARN_CONSTANT_CONVERSION = YES;
				CLANG_WARN_DIRECT_OBJC_ISA_USAGE = YES_ERROR;
				CLANG_WARN_EMPTY_BODY = YES;
				CLANG_WARN_ENUM_CONVERSION = YES;
				CLANG_WARN_INT_CONVERSION = YES;
				CLANG_WARN_OBJC_ROOT_CLASS = YES_ERROR;
				CLANG_WARN_UNREACHABLE_CODE = YES;
				CLANG_WARN__DUPLICATE_METHOD_MATCH = YES;
				"CODE_SIGN_IDENTITY[sdk=iphoneos*]" = "iPhone Developer";
				COPY_PHASE_STRIP = NO;
				DEBUG_INFORMATION_FORMAT = "dwarf-with-dsym";
				ENABLE_STRICT_OBJC_MSGSEND = YES;
				GCC_C_LANGUAGE_STANDARD = gnu99;
				GCC_DYNAMIC_NO_PIC = NO;
				GCC_NO_COMMON_BLOCKS = YES;
				GCC_OPTIMIZATION_LEVEL = 0;
				GCC_PREPROCESSOR_DEFINITIONS = (
					"DEBUG=1",
					"$(inherited)",
				);
				GCC_SYMBOLS_PRIVATE_EXTERN = NO;
				GCC_WARN_64_TO_32_BIT_CONVERSION = YES;
				GCC_WARN_ABOUT_RETURN_TYPE = YES_ERROR;
				GCC_WARN_UNDECLARED_SELECTOR = YES;
				GCC_WARN_UNINITIALIZED_AUTOS = YES_AGGRESSIVE;
				GCC_WARN_UNUSED_FUNCTION = YES;
				GCC_WARN_UNUSED_VARIABLE = YES;
				IPHONEOS_DEPLOYMENT_TARGET = 8.3;
				MTL_ENABLE_DEBUG_INFO = YES;
				ONLY_ACTIVE_ARCH = YES;
				SDKROOT = iphoneos;
				SWIFT_OPTIMIZATION_LEVEL = "-Onone";
				TARGETED_DEVICE_FAMILY = "1,2";
			};
			name = Debug;
		};
		8D4E15AE1B4166A700CACE34 /* Release */ = {
			isa = XCBuildConfiguration;
			buildSettings = {
				ALWAYS_SEARCH_USER_PATHS = NO;
				CLANG_CXX_LANGUAGE_STANDARD = "gnu++0x";
				CLANG_CXX_LIBRARY = "libc++";
				CLANG_ENABLE_MODULES = YES;
				CLANG_ENABLE_OBJC_ARC = YES;
				CLANG_WARN_BOOL_CONVERSION = YES;
				CLANG_WARN_CONSTANT_CONVERSION = YES;
				CLANG_WARN_DIRECT_OBJC_ISA_USAGE = YES_ERROR;
				CLANG_WARN_EMPTY_BODY = YES;
				CLANG_WARN_ENUM_CONVERSION = YES;
				CLANG_WARN_INT_CONVERSION = YES;
				CLANG_WARN_OBJC_ROOT_CLASS = YES_ERROR;
				CLANG_WARN_UNREACHABLE_CODE = YES;
				CLANG_WARN__DUPLICATE_METHOD_MATCH = YES;
				"CODE_SIGN_IDENTITY[sdk=iphoneos*]" = "iPhone Developer";
				COPY_PHASE_STRIP = NO;
				DEBUG_INFORMATION_FORMAT = "dwarf-with-dsym";
				ENABLE_NS_ASSERTIONS = NO;
				ENABLE_STRICT_OBJC_MSGSEND = YES;
				GCC_C_LANGUAGE_STANDARD = gnu99;
				GCC_NO_COMMON_BLOCKS = YES;
				GCC_WARN_64_TO_32_BIT_CONVERSION = YES;
				GCC_WARN_ABOUT_RETURN_TYPE = YES_ERROR;
				GCC_WARN_UNDECLARED_SELECTOR = YES;
				GCC_WARN_UNINITIALIZED_AUTOS = YES_AGGRESSIVE;
				GCC_WARN_UNUSED_FUNCTION = YES;
				GCC_WARN_UNUSED_VARIABLE = YES;
				IPHONEOS_DEPLOYMENT_TARGET = 8.3;
				MTL_ENABLE_DEBUG_INFO = NO;
				SDKROOT = iphoneos;
				TARGETED_DEVICE_FAMILY = "1,2";
				VALIDATE_PRODUCT = YES;
			};
			name = Release;
		};
		8D4E15B01B4166A700CACE34 /* Debug */ = {
			isa = XCBuildConfiguration;
			buildSettings = {
				ASSETCATALOG_COMPILER_APPICON_NAME = AppIcon;
				INFOPLIST_FILE = PetHome2/Info.plist;
				LD_RUNPATH_SEARCH_PATHS = "$(inherited) @executable_path/Frameworks";
				PRODUCT_NAME = "$(TARGET_NAME)";
			};
			name = Debug;
		};
		8D4E15B11B4166A700CACE34 /* Release */ = {
			isa = XCBuildConfiguration;
			buildSettings = {
				ASSETCATALOG_COMPILER_APPICON_NAME = AppIcon;
				INFOPLIST_FILE = PetHome2/Info.plist;
				LD_RUNPATH_SEARCH_PATHS = "$(inherited) @executable_path/Frameworks";
				PRODUCT_NAME = "$(TARGET_NAME)";
			};
			name = Release;
		};
		8D4E15B31B4166A700CACE34 /* Debug */ = {
			isa = XCBuildConfiguration;
			buildSettings = {
				BUNDLE_LOADER = "$(TEST_HOST)";
				FRAMEWORK_SEARCH_PATHS = (
					"$(SDKROOT)/Developer/Library/Frameworks",
					"$(inherited)",
				);
				GCC_PREPROCESSOR_DEFINITIONS = (
					"DEBUG=1",
					"$(inherited)",
				);
				INFOPLIST_FILE = PetHome2Tests/Info.plist;
				LD_RUNPATH_SEARCH_PATHS = "$(inherited) @executable_path/Frameworks @loader_path/Frameworks";
				PRODUCT_NAME = "$(TARGET_NAME)";
				TEST_HOST = "$(BUILT_PRODUCTS_DIR)/PetHome2.app/PetHome2";
			};
			name = Debug;
		};
		8D4E15B41B4166A700CACE34 /* Release */ = {
			isa = XCBuildConfiguration;
			buildSettings = {
				BUNDLE_LOADER = "$(TEST_HOST)";
				FRAMEWORK_SEARCH_PATHS = (
					"$(SDKROOT)/Developer/Library/Frameworks",
					"$(inherited)",
				);
				INFOPLIST_FILE = PetHome2Tests/Info.plist;
				LD_RUNPATH_SEARCH_PATHS = "$(inherited) @executable_path/Frameworks @loader_path/Frameworks";
				PRODUCT_NAME = "$(TARGET_NAME)";
				TEST_HOST = "$(BUILT_PRODUCTS_DIR)/PetHome2.app/PetHome2";
			};
			name = Release;
		};
/* End XCBuildConfiguration section */

/* Begin XCConfigurationList section */
		8D4E158B1B4166A700CACE34 /* Build configuration list for PBXProject "PetHome2" */ = {
			isa = XCConfigurationList;
			buildConfigurations = (
				8D4E15AD1B4166A700CACE34 /* Debug */,
				8D4E15AE1B4166A700CACE34 /* Release */,
			);
			defaultConfigurationIsVisible = 0;
			defaultConfigurationName = Release;
		};
		8D4E15AF1B4166A700CACE34 /* Build configuration list for PBXNativeTarget "PetHome2" */ = {
			isa = XCConfigurationList;
			buildConfigurations = (
				8D4E15B01B4166A700CACE34 /* Debug */,
				8D4E15B11B4166A700CACE34 /* Release */,
			);
			defaultConfigurationIsVisible = 0;
		};
		8D4E15B21B4166A700CACE34 /* Build configuration list for PBXNativeTarget "PetHome2Tests" */ = {
			isa = XCConfigurationList;
			buildConfigurations = (
				8D4E15B31B4166A700CACE34 /* Debug */,
				8D4E15B41B4166A700CACE34 /* Release */,
			);
			defaultConfigurationIsVisible = 0;
		};
/* End XCConfigurationList section */
	};
	rootObject = 8D4E15881B4166A700CACE34 /* Project object */;
}
